github.com/Sirupsen/logrus v1.0.0 h1:Rb4797caW6l6qnpZqL25Z79EjY2OG26Bbqwf7ozOIgQ=
github.com/Sirupsen/logrus v1.0.0/go.mod h1:rmk17hk6i8ZSAJkSDa7nOxamrG+SP4P0mm+DAvExv4U=
github.com/davecgh/go-spew v1.1.0 h1:ZDRjVQ15GmhC3fiQ8ni8+OwkZQO4DARzQgrnXU1Liz8=
github.com/davecgh/go-spew v1.1.0/go.mod h1:J7Y8YcW2NihsgmVo/mv3lAwl/skON4iLHjSsI+c5H38=
github.com/freechessclub/icsgo v0.0.0-20190609221411-287215d52df8 h1:Embapfpy9vO4KT0JUf6Ygd87WOYtkTDfGq1TYdymuHk=
github.com/freechessclub/icsgo v0.0.0-20190609221411-287215d52df8/go.mod h1:Qs+u8obsw5K5onzVOTG2UJnXgYPZbPY4SehCJRQvizM=
github.com/golang/protobuf v1.3.1 h1:YF8+flBXS5eO826T4nzqPrxfhQThhXl0YzfuUPu4SBg=
github.com/golang/protobuf v1.3.1/go.mod h1:6lQm79b+lXiMfvg/cZm0SGofjICqVBUtrP5yJMmIC1U=
github.com/gorilla/handlers v0.0.0-20170224193955-13d73096a474 h1:KNovrfevBTefw9X8FKnoaKhKOc+UWmGsQRsiZRTkGl4=
github.com/gorilla/handlers v0.0.0-20170224193955-13d73096a474/go.mod h1:Qkdc/uu4tH4g6mTK6auzZ766c4CA0Ng8+o/OAirnOIQ=
github.com/gorilla/websocket v0.0.0-20170218162710-3f3e394da2b8 h1:UrjxDZdgSDgal3gEEH1Ug7EHBIuYln8lSN7rwNkkLlI=
github.com/gorilla/websocket v0.0.0-20170218162710-3f3e394da2b8/go.mod h1:E7qHFY5m1UJ88s3WnNqhKjPHQ0heANvMoAMk2YaljkQ=
github.com/pkg/errors v0.8.1 h1:iURUrRGxPUNPdy5/HRSm+Yj6okJ6UtLINN0Q9M4+h3I=
github.com/pkg/errors v0.8.1/go.mod h1:bwawxfHBFNV+L2hUp1rHADufV3IMtnDRdf1r5NINEl0=
github.com/pmezard/go-difflib v1.0.0 h1:4DBwDE0NGyQoBHbLQYPwSUPoCMWR5BEzIk/f1lZbAQM=
github.com/pmezard/go-difflib v1.0.0/go.mod h1:iKH77koFhYxTK1pcRnkKkqfTogsbg7gZNVY4sRDYZ/4=
github.com/sendgrid/rest v2.3.1+incompatible h1:Hw+kGX780UlRoazQ+s/vs+a4l4aWMABDVKbHgU8b4zU=
github.com/sendgrid/rest v2.3.1+incompatible/go.mod h1:kXX7q3jZtJXK5c5qK83bSGMdV6tsOE70KbHoqJls4lE=
github.com/sendgrid/sendgrid-go v0.0.0-20161108233408-d087004b4d47 h1:4ctek6ViY+Ew4+Psm8OHyCJ7/CjTNnpo+hbNhZ5Lx88=
github.com/sendgrid/sendgrid-go v0.0.0-20161108233408-d087004b4d47/go.mod h1:QRQt+LX/NmgVEvmdRw0VT/QgUn499+iza2FnDca9fg8=
github.com/stretchr/objx v0.1.0/go.mod h1:HFkY916IF+rwdDfMAkV7OtwuqBVzrE8GR6GFx+wExME=
github.com/stretchr/testify v1.3.0 h1:TivCn/peBQ7UY8ooIcPgZFpTNSz0Q2U6UrFlUfqbe0Q=
github.com/stretchr/testify v1.3.0/go.mod h1:M5WIy9Dh21IEIfnGCwXGc5bZfKNJtfHm1UVUgZn+9EI=
github.com/ziutek/telnet v0.0.0-20180329124119-c3b780dc415b h1:VfPXB/wCGGt590QhD1bOpv2J/AmC/RJNTg/Q59HKSB0=
github.com/ziutek/telnet v0.0.0-20180329124119-c3b780dc415b/go.mod h1:IZpXDfkJ6tWD3PhBK5YzgQT+xJWh7OsdwiG8hA2MkO4=
golang.org/x/sys v0.0.0-20190215142949-d0b11bdaac8a h1:1BGLXjeY4akVXGgbC9HugT3Jv3hCI0z56oJR5vAMgBU=
golang.org/x/sys v0.0.0-20190215142949-d0b11bdaac8a/go.mod h1:STP8DvDyc/dI5b8T5hshtkjS+E42TnysNCUPdjciGhY=
